
Microsoft Visual Studio Solution File, Format Version 12.00
# Visual Studio Version 17
VisualStudioVersion = 17.6.33829.357
MinimumVisualStudioVersion = 10.0.40219.1
Project("{FAE04EC0-301F-11D3-BF4B-00C04F79EFBC}") = "pdf-benchmarks", "pdf-benchmarks.csproj", "{4888DE31-6B6E-427F-93ED-A5703FA5D0C7}"
EndProject
Global
	GlobalSection(SolutionConfigurationPlatforms) = preSolution
		Debug|Any CPU = Debug|Any CPU
		Release|Any CPU = Release|Any CPU
	EndGlobalSection
	GlobalSection(ProjectConfigurationPlatforms) = postSolution
		{4888DE31-6B6E-427F-93ED-A5703FA5D0C7}.Debug|Any CPU.ActiveCfg = Debug|Any CPU
		{4888DE31-6B6E-427F-93ED-A5703FA5D0C7}.Debug|Any CPU.Build.0 = Debug|Any CPU
		{4888DE31-6B6E-427F-93ED-A5703FA5D0C7}.Release|Any CPU.ActiveCfg = Release|Any CPU
		{4888DE31-6B6E-427F-93ED-A5703FA5D0C7}.Release|Any CPU.Build.0 = Release|Any CPU
	EndGlobalSection
	GlobalSection(SolutionProperties) = preSolution
		HideSolutionNode = FALSE
	EndGlobalSection
	GlobalSection(ExtensibilityGlobals) = postSolution
		SolutionGuid = {2D4DFE6A-D8B0-4249-9AA4-4BABBD77E027}
	EndGlobalSection
EndGlobal
